
Microsoft Visual Studio Solution File, Format Version 12.00
# Visual Studio Version 16
VisualStudioVersion = 16.0.30804.86
MinimumVisualStudioVersion = 10.0.40219.1
Project("{FAE04EC0-301F-11D3-BF4B-00C04F79EFBC}") = "LegoMinifiguresInClass", "LegoMinifiguresInClass\LegoMinifiguresInClass.csproj", "{26917525-4EDD-4121-A5F7-C78A92906476}"
EndProject
Global
	GlobalSection(SolutionConfigurationPlatforms) = preSolution
		Debug|Any CPU = Debug|Any CPU
		Release|Any CPU = Release|Any CPU
	EndGlobalSection
	GlobalSection(ProjectConfigurationPlatforms) = postSolution
		{26917525-4EDD-4121-A5F7-C78A92906476}.Debug|Any CPU.ActiveCfg = Debug|Any CPU
		{26917525-4EDD-4121-A5F7-C78A92906476}.Debug|Any CPU.Build.0 = Debug|Any CPU
		{26917525-4EDD-4121-A5F7-C78A92906476}.Release|Any CPU.ActiveCfg = Release|Any CPU
		{26917525-4EDD-4121-A5F7-C78A92906476}.Release|Any CPU.Build.0 = Release|Any CPU
	EndGlobalSection
	GlobalSection(SolutionProperties) = preSolution
		HideSolutionNode = FALSE
	EndGlobalSection
	GlobalSection(ExtensibilityGlobals) = postSolution
		SolutionGuid = {A552DA4E-93D1-4F74-89A0-7D699B79D8D2}
	EndGlobalSection
EndGlobal
